
Microsoft Visual Studio Solution File, Format Version 12.00
# Visual Studio Version 16
VisualStudioVersion = 16.0.31515.178
MinimumVisualStudioVersion = 10.0.40219.1
Project("{9A19103F-16F7-4668-BE54-9A1E7A4F7556}") = "TestConsole", "TestConsole\TestConsole.csproj", "{3F7910DF-45DF-44BB-8C72-037562AA4C02}"
EndProject
Project("{FAE04EC0-301F-11D3-BF4B-00C04F79EFBC}") = "Douyu", "Core\Douyu.csproj", "{7EBEFAD4-F8A5-40FE-8248-4A3B10F07A21}"
EndProject
Global
	GlobalSection(SolutionConfigurationPlatforms) = preSolution
		Debug|Any CPU = Debug|Any CPU
		Release|Any CPU = Release|Any CPU
	EndGlobalSection
	GlobalSection(ProjectConfigurationPlatforms) = postSolution
		{3F7910DF-45DF-44BB-8C72-037562AA4C02}.Debug|Any CPU.ActiveCfg = Debug|Any CPU
		{3F7910DF-45DF-44BB-8C72-037562AA4C02}.Debug|Any CPU.Build.0 = Debug|Any CPU
		{3F7910DF-45DF-44BB-8C72-037562AA4C02}.Release|Any CPU.ActiveCfg = Release|Any CPU
		{3F7910DF-45DF-44BB-8C72-037562AA4C02}.Release|Any CPU.Build.0 = Release|Any CPU
		{7EBEFAD4-F8A5-40FE-8248-4A3B10F07A21}.Debug|Any CPU.ActiveCfg = Debug|Any CPU
		{7EBEFAD4-F8A5-40FE-8248-4A3B10F07A21}.Debug|Any CPU.Build.0 = Debug|Any CPU
		{7EBEFAD4-F8A5-40FE-8248-4A3B10F07A21}.Release|Any CPU.ActiveCfg = Release|Any CPU
		{7EBEFAD4-F8A5-40FE-8248-4A3B10F07A21}.Release|Any CPU.Build.0 = Release|Any CPU
	EndGlobalSection
	GlobalSection(SolutionProperties) = preSolution
		HideSolutionNode = FALSE
	EndGlobalSection
	GlobalSection(ExtensibilityGlobals) = postSolution
		SolutionGuid = {7C30CB52-ECE4-4D11-8F51-96CE25F23FD9}
	EndGlobalSection
EndGlobal
